{
  "name": "artur-moczulski-sdk-example-project",
  "version": "1.0.0",
  "lockfileVersion": 2,
  "requires": true,
  "packages": {
    "": {
      "name": "artur-moczulski-sdk-example-project",
      "version": "1.0.0",
      "license": "ISC",
      "dependencies": {
        "artur-moczulski-sdk": "^1.0.0"
      }
    },
    "node_modules/artur-moczulski-sdk": {
      "version": "1.0.0",
      "resolved": "https://registry.npmjs.org/artur-moczulski-sdk/-/artur-moczulski-sdk-1.0.0.tgz",
      "integrity": "sha512-xP1iCLxz5ncWH22DU/BvNUCF1xPUMCXGGXH1cmW+DMK6wxxI44gsM31WzICD3eqZcTy88sys+/R+Q9VetC2hoA=="
    }
  },
  "dependencies": {
    "artur-moczulski-sdk": {
      "version": "1.0.0",
      "resolved": "https://registry.npmjs.org/artur-moczulski-sdk/-/artur-moczulski-sdk-1.0.0.tgz",
      "integrity": "sha512-xP1iCLxz5ncWH22DU/BvNUCF1xPUMCXGGXH1cmW+DMK6wxxI44gsM31WzICD3eqZcTy88sys+/R+Q9VetC2hoA=="
    }
  }
}
